{
  "name": "tw.bestian.spell",
  "version": "1.0.0",
  "lockfileVersion": 2,
  "requires": true,
  "packages": {
    "": {
      "name": "tw.bestian.spell",
      "version": "1.0.0",
      "license": "Apache-2.0",
      "devDependencies": {
        "cordova-plugin-splashscreen": "^6.0.2",
        "cordova-plugin-wkwebview-engine": "^1.2.2"
      }
    },
    "node_modules/cordova-plugin-splashscreen": {
      "version": "6.0.2",
      "resolved": "https://registry.npmjs.org/cordova-plugin-splashscreen/-/cordova-plugin-splashscreen-6.0.2.tgz",
      "integrity": "sha512-7JiUfnInir+SCOEgTJ+5/cHF3UFl69jp6cAQfHtJaaQt9Pli8D8yTJjU0HGlJCvryvsVs4Xlc7/sEJM7vLJgvg==",
      "dev": true,
      "engines": {
        "cordovaDependencies": {
          ">=4.0.0": {
            "cordova-android": ">=3.6.0",
            "cordova-windows": ">=4.4.0"
          },
          "2.0.0": {
            "cordova-android": ">=3.6.0"
          },
          "6.0.2": {
            "cordova-android": ">=3.6.0 <11.0.0",
            "cordova-windows": ">=4.4.0"
          },
          "7.0.0": {
            "cordova": ">100"
          }
        }
      }
    },
    "node_modules/cordova-plugin-wkwebview-engine": {
      "version": "1.2.2",
      "resolved": "https://registry.npmjs.org/cordova-plugin-wkwebview-engine/-/cordova-plugin-wkwebview-engine-1.2.2.tgz",
      "integrity": "sha512-6RWrxKRUXBBQq/6fk/eYas51ReVkQWVXSzTSYoRsldn1ByT5iCrpzcnBdzH+NyWS2FTWX74SV0/fA59+Ij9x+w==",
      "deprecated": "See https://github.com/apache/cordova-plugin-wkwebview-engine#deprecation-notice for details.",
      "dev": true,
      "engines": {
        "cordovaDependencies": {
          "2.0.0": {
            "cordova": ">100",
            "cordova-ios": "<6.0.0"
          }
        }
      }
    }
  },
  "dependencies": {
    "cordova-plugin-splashscreen": {
      "version": "6.0.2",
      "resolved": "https://registry.npmjs.org/cordova-plugin-splashscreen/-/cordova-plugin-splashscreen-6.0.2.tgz",
      "integrity": "sha512-7JiUfnInir+SCOEgTJ+5/cHF3UFl69jp6cAQfHtJaaQt9Pli8D8yTJjU0HGlJCvryvsVs4Xlc7/sEJM7vLJgvg==",
      "dev": true
    },
    "cordova-plugin-wkwebview-engine": {
      "version": "1.2.2",
      "resolved": "https://registry.npmjs.org/cordova-plugin-wkwebview-engine/-/cordova-plugin-wkwebview-engine-1.2.2.tgz",
      "integrity": "sha512-6RWrxKRUXBBQq/6fk/eYas51ReVkQWVXSzTSYoRsldn1ByT5iCrpzcnBdzH+NyWS2FTWX74SV0/fA59+Ij9x+w==",
      "dev": true
    }
  }
}
